
Microsoft Visual Studio Solution File, Format Version 12.00
# Visual Studio Version 16
VisualStudioVersion = 16.0.30320.27
MinimumVisualStudioVersion = 10.0.40219.1
Project("{FAE04EC0-301F-11D3-BF4B-00C04F79EFBC}") = "Panetony.ProblemDetails", "Panetony.ProblemDetails.csproj", "{DBBA0B1E-BBCA-4AD7-B59F-392D010E6560}"
EndProject
Global
	GlobalSection(SolutionConfigurationPlatforms) = preSolution
		Debug|Any CPU = Debug|Any CPU
		Release|Any CPU = Release|Any CPU
	EndGlobalSection
	GlobalSection(ProjectConfigurationPlatforms) = postSolution
		{DBBA0B1E-BBCA-4AD7-B59F-392D010E6560}.Debug|Any CPU.ActiveCfg = Debug|Any CPU
		{DBBA0B1E-BBCA-4AD7-B59F-392D010E6560}.Debug|Any CPU.Build.0 = Debug|Any CPU
		{DBBA0B1E-BBCA-4AD7-B59F-392D010E6560}.Release|Any CPU.ActiveCfg = Release|Any CPU
		{DBBA0B1E-BBCA-4AD7-B59F-392D010E6560}.Release|Any CPU.Build.0 = Release|Any CPU
	EndGlobalSection
	GlobalSection(SolutionProperties) = preSolution
		HideSolutionNode = FALSE
	EndGlobalSection
	GlobalSection(ExtensibilityGlobals) = postSolution
		SolutionGuid = {3F528912-79FF-42EB-A9D3-980BC8AFF6F5}
	EndGlobalSection
EndGlobal
